
Microsoft Visual Studio Solution File, Format Version 12.00
# Visual Studio Version 17
VisualStudioVersion = 17.5.002.0
MinimumVisualStudioVersion = 10.0.40219.1
Project("{9A19103F-16F7-4668-BE54-9A1E7A4F7556}") = "AsciiArt", "AsciiArt.csproj", "{FCBE20D1-8161-4734-9FAA-56A8599EC344}"
EndProject
Global
	GlobalSection(SolutionConfigurationPlatforms) = preSolution
		Debug|Any CPU = Debug|Any CPU
		Release|Any CPU = Release|Any CPU
	EndGlobalSection
	GlobalSection(ProjectConfigurationPlatforms) = postSolution
		{FCBE20D1-8161-4734-9FAA-56A8599EC344}.Debug|Any CPU.ActiveCfg = Debug|Any CPU
		{FCBE20D1-8161-4734-9FAA-56A8599EC344}.Debug|Any CPU.Build.0 = Debug|Any CPU
		{FCBE20D1-8161-4734-9FAA-56A8599EC344}.Release|Any CPU.ActiveCfg = Release|Any CPU
		{FCBE20D1-8161-4734-9FAA-56A8599EC344}.Release|Any CPU.Build.0 = Release|Any CPU
	EndGlobalSection
	GlobalSection(SolutionProperties) = preSolution
		HideSolutionNode = FALSE
	EndGlobalSection
	GlobalSection(ExtensibilityGlobals) = postSolution
		SolutionGuid = {54CC3BA9-D379-420C-9305-933EF2AB6B5F}
	EndGlobalSection
EndGlobal
